
Microsoft Visual Studio Solution File, Format Version 12.00
# Visual Studio Version 16
VisualStudioVersion = 16.0.33214.272
MinimumVisualStudioVersion = 10.0.40219.1
Project("{FAE04EC0-301F-11D3-BF4B-00C04F79EFBC}") = "my-books", "my-books\my-books.csproj", "{307609D0-6D4C-4DF3-B290-0F916FF9F59D}"
EndProject
Global
	GlobalSection(SolutionConfigurationPlatforms) = preSolution
		Debug|Any CPU = Debug|Any CPU
		Release|Any CPU = Release|Any CPU
	EndGlobalSection
	GlobalSection(ProjectConfigurationPlatforms) = postSolution
		{307609D0-6D4C-4DF3-B290-0F916FF9F59D}.Debug|Any CPU.ActiveCfg = Debug|Any CPU
		{307609D0-6D4C-4DF3-B290-0F916FF9F59D}.Debug|Any CPU.Build.0 = Debug|Any CPU
		{307609D0-6D4C-4DF3-B290-0F916FF9F59D}.Release|Any CPU.ActiveCfg = Release|Any CPU
		{307609D0-6D4C-4DF3-B290-0F916FF9F59D}.Release|Any CPU.Build.0 = Release|Any CPU
	EndGlobalSection
	GlobalSection(SolutionProperties) = preSolution
		HideSolutionNode = FALSE
	EndGlobalSection
	GlobalSection(ExtensibilityGlobals) = postSolution
		SolutionGuid = {F893AE12-A98F-450E-8549-8B55F4AE6962}
	EndGlobalSection
EndGlobal
